
Microsoft Visual Studio Solution File, Format Version 12.00
# Visual Studio Version 16
VisualStudioVersion = 16.0.31105.61
MinimumVisualStudioVersion = 10.0.40219.1
Project("{FAE04EC0-301F-11D3-BF4B-00C04F79EFBC}") = "ConveyorMaterialAnimationEH", "ConveyorMaterialAnimationEH\ConveyorMaterialAnimationEH.csproj", "{DD1788A4-1AC6-4485-BA60-654F6D648BE2}"
EndProject
Global
	GlobalSection(SolutionConfigurationPlatforms) = preSolution
		Debug|Any CPU = Debug|Any CPU
		Release|Any CPU = Release|Any CPU
	EndGlobalSection
	GlobalSection(ProjectConfigurationPlatforms) = postSolution
		{DD1788A4-1AC6-4485-BA60-654F6D648BE2}.Debug|Any CPU.ActiveCfg = Debug|Any CPU
		{DD1788A4-1AC6-4485-BA60-654F6D648BE2}.Debug|Any CPU.Build.0 = Debug|Any CPU
		{DD1788A4-1AC6-4485-BA60-654F6D648BE2}.Release|Any CPU.ActiveCfg = Release|Any CPU
		{DD1788A4-1AC6-4485-BA60-654F6D648BE2}.Release|Any CPU.Build.0 = Release|Any CPU
	EndGlobalSection
	GlobalSection(SolutionProperties) = preSolution
		HideSolutionNode = FALSE
	EndGlobalSection
	GlobalSection(ExtensibilityGlobals) = postSolution
		SolutionGuid = {E85C25E9-9320-4B69-8ED8-B0B2DB47794A}
	EndGlobalSection
EndGlobal
